
Microsoft Visual Studio Solution File, Format Version 12.00
# Visual Studio Version 16
VisualStudioVersion = 16.0.30804.86
MinimumVisualStudioVersion = 10.0.40219.1
Project("{9A19103F-16F7-4668-BE54-9A1E7A4F7556}") = "Portfolio", "Portfolio\Portfolio.csproj", "{0489ECCF-EF56-42F7-9B6D-B1BB554EC5C8}"
EndProject
Project("{6EC3EE1D-3C4E-46DD-8F32-0CC8E7565705}") = "Portfolio.FLibrary", "FLibrary\Portfolio.FLibrary.fsproj", "{08C52E9E-9D2B-4EC0-958C-1D40F48215B3}"
EndProject
Project("{9A19103F-16F7-4668-BE54-9A1E7A4F7556}") = "Portfolio.ComponentsLibrary", "Portfolio.RazorClassLibrary\Portfolio.ComponentsLibrary.csproj", "{BADD88A3-D4BE-4665-856B-687B17C3200B}"
EndProject
Project("{9A19103F-16F7-4668-BE54-9A1E7A4F7556}") = "Portfolio.Shared", "Portfolio.Shared\Portfolio.Shared.csproj", "{09E84047-0228-449E-B03B-1932278A54B7}"
EndProject
Project("{FAE04EC0-301F-11D3-BF4B-00C04F79EFBC}") = "Portfolio.Data", "Portfolio.Data\Portfolio.Data.csproj", "{6E97C725-0C04-4736-8C5F-E9C9CE21F6F5}"
EndProject
Global
	GlobalSection(SolutionConfigurationPlatforms) = preSolution
		Debug|Any CPU = Debug|Any CPU
		Release|Any CPU = Release|Any CPU
	EndGlobalSection
	GlobalSection(ProjectConfigurationPlatforms) = postSolution
		{0489ECCF-EF56-42F7-9B6D-B1BB554EC5C8}.Debug|Any CPU.ActiveCfg = Debug|Any CPU
		{0489ECCF-EF56-42F7-9B6D-B1BB554EC5C8}.Debug|Any CPU.Build.0 = Debug|Any CPU
		{0489ECCF-EF56-42F7-9B6D-B1BB554EC5C8}.Release|Any CPU.ActiveCfg = Release|Any CPU
		{0489ECCF-EF56-42F7-9B6D-B1BB554EC5C8}.Release|Any CPU.Build.0 = Release|Any CPU
		{08C52E9E-9D2B-4EC0-958C-1D40F48215B3}.Debug|Any CPU.ActiveCfg = Debug|Any CPU
		{08C52E9E-9D2B-4EC0-958C-1D40F48215B3}.Debug|Any CPU.Build.0 = Debug|Any CPU
		{08C52E9E-9D2B-4EC0-958C-1D40F48215B3}.Release|Any CPU.ActiveCfg = Release|Any CPU
		{08C52E9E-9D2B-4EC0-958C-1D40F48215B3}.Release|Any CPU.Build.0 = Release|Any CPU
		{BADD88A3-D4BE-4665-856B-687B17C3200B}.Debug|Any CPU.ActiveCfg = Debug|Any CPU
		{BADD88A3-D4BE-4665-856B-687B17C3200B}.Debug|Any CPU.Build.0 = Debug|Any CPU
		{BADD88A3-D4BE-4665-856B-687B17C3200B}.Release|Any CPU.ActiveCfg = Release|Any CPU
		{BADD88A3-D4BE-4665-856B-687B17C3200B}.Release|Any CPU.Build.0 = Release|Any CPU
		{09E84047-0228-449E-B03B-1932278A54B7}.Debug|Any CPU.ActiveCfg = Debug|Any CPU
		{09E84047-0228-449E-B03B-1932278A54B7}.Debug|Any CPU.Build.0 = Debug|Any CPU
		{09E84047-0228-449E-B03B-1932278A54B7}.Release|Any CPU.ActiveCfg = Release|Any CPU
		{09E84047-0228-449E-B03B-1932278A54B7}.Release|Any CPU.Build.0 = Release|Any CPU
		{6E97C725-0C04-4736-8C5F-E9C9CE21F6F5}.Debug|Any CPU.ActiveCfg = Debug|Any CPU
		{6E97C725-0C04-4736-8C5F-E9C9CE21F6F5}.Debug|Any CPU.Build.0 = Debug|Any CPU
		{6E97C725-0C04-4736-8C5F-E9C9CE21F6F5}.Release|Any CPU.ActiveCfg = Release|Any CPU
		{6E97C725-0C04-4736-8C5F-E9C9CE21F6F5}.Release|Any CPU.Build.0 = Release|Any CPU
	EndGlobalSection
	GlobalSection(SolutionProperties) = preSolution
		HideSolutionNode = FALSE
	EndGlobalSection
	GlobalSection(ExtensibilityGlobals) = postSolution
		SolutionGuid = {516F9DCF-B9BA-43B4-81C3-0FFA8E8B624B}
	EndGlobalSection
EndGlobal
